
Microsoft Visual Studio Solution File, Format Version 12.00
# Visual Studio Version 16
VisualStudioVersion = 16.0.32413.511
MinimumVisualStudioVersion = 10.0.40219.1
Project("{8BC9CEB8-8B4A-11D0-8D11-00A0C91BC942}") = "HelloWorld", "HelloWorld.vcxproj", "{4CE05329-4B91-45FA-B3FE-C4E6ABB259D2}"
EndProject
Global
	GlobalSection(SolutionConfigurationPlatforms) = preSolution
		Debug|x64 = Debug|x64
		Debug|x86 = Debug|x86
		Release|x64 = Release|x64
		Release|x86 = Release|x86
	EndGlobalSection
	GlobalSection(ProjectConfigurationPlatforms) = postSolution
		{4CE05329-4B91-45FA-B3FE-C4E6ABB259D2}.Debug|x64.ActiveCfg = Debug|x64
		{4CE05329-4B91-45FA-B3FE-C4E6ABB259D2}.Debug|x64.Build.0 = Debug|x64
		{4CE05329-4B91-45FA-B3FE-C4E6ABB259D2}.Debug|x86.ActiveCfg = Debug|Win32
		{4CE05329-4B91-45FA-B3FE-C4E6ABB259D2}.Debug|x86.Build.0 = Debug|Win32
		{4CE05329-4B91-45FA-B3FE-C4E6ABB259D2}.Release|x64.ActiveCfg = Release|x64
		{4CE05329-4B91-45FA-B3FE-C4E6ABB259D2}.Release|x64.Build.0 = Release|x64
		{4CE05329-4B91-45FA-B3FE-C4E6ABB259D2}.Release|x86.ActiveCfg = Release|Win32
		{4CE05329-4B91-45FA-B3FE-C4E6ABB259D2}.Release|x86.Build.0 = Release|Win32
	EndGlobalSection
	GlobalSection(SolutionProperties) = preSolution
		HideSolutionNode = FALSE
	EndGlobalSection
	GlobalSection(ExtensibilityGlobals) = postSolution
		SolutionGuid = {6E97F6E3-9AEF-4BB1-A810-676AD56C5701}
	EndGlobalSection
EndGlobal
